
Microsoft Visual Studio Solution File, Format Version 12.00
# Visual Studio Version 17
VisualStudioVersion = 17.2.32630.192
MinimumVisualStudioVersion = 10.0.40219.1
Project("{FAE04EC0-301F-11D3-BF4B-00C04F79EFBC}") = "WebApplication1", "WebApplication1\WebApplication1.csproj", "{4F4C83C8-2606-459A-9D6D-51FDE0B086EA}"
EndProject
Global
	GlobalSection(SolutionConfigurationPlatforms) = preSolution
		Debug|Any CPU = Debug|Any CPU
		Release|Any CPU = Release|Any CPU
	EndGlobalSection
	GlobalSection(ProjectConfigurationPlatforms) = postSolution
		{4F4C83C8-2606-459A-9D6D-51FDE0B086EA}.Debug|Any CPU.ActiveCfg = Debug|Any CPU
		{4F4C83C8-2606-459A-9D6D-51FDE0B086EA}.Debug|Any CPU.Build.0 = Debug|Any CPU
		{4F4C83C8-2606-459A-9D6D-51FDE0B086EA}.Release|Any CPU.ActiveCfg = Release|Any CPU
		{4F4C83C8-2606-459A-9D6D-51FDE0B086EA}.Release|Any CPU.Build.0 = Release|Any CPU
	EndGlobalSection
	GlobalSection(SolutionProperties) = preSolution
		HideSolutionNode = FALSE
	EndGlobalSection
	GlobalSection(ExtensibilityGlobals) = postSolution
		SolutionGuid = {4129B528-8614-4A9B-9164-518B994BF997}
	EndGlobalSection
EndGlobal
